
Microsoft Visual Studio Solution File, Format Version 12.00
# Visual Studio Version 17
VisualStudioVersion = 17.1.32210.238
MinimumVisualStudioVersion = 10.0.40219.1
Project("{FAE04EC0-301F-11D3-BF4B-00C04F79EFBC}") = "modul8_1302204058", "modul8_1302204058\modul8_1302204058.csproj", "{1A87F82A-9CD3-4790-A7D1-31A202C1B5F0}"
EndProject
Global
	GlobalSection(SolutionConfigurationPlatforms) = preSolution
		Debug|Any CPU = Debug|Any CPU
		Release|Any CPU = Release|Any CPU
	EndGlobalSection
	GlobalSection(ProjectConfigurationPlatforms) = postSolution
		{1A87F82A-9CD3-4790-A7D1-31A202C1B5F0}.Debug|Any CPU.ActiveCfg = Debug|Any CPU
		{1A87F82A-9CD3-4790-A7D1-31A202C1B5F0}.Debug|Any CPU.Build.0 = Debug|Any CPU
		{1A87F82A-9CD3-4790-A7D1-31A202C1B5F0}.Release|Any CPU.ActiveCfg = Release|Any CPU
		{1A87F82A-9CD3-4790-A7D1-31A202C1B5F0}.Release|Any CPU.Build.0 = Release|Any CPU
	EndGlobalSection
	GlobalSection(SolutionProperties) = preSolution
		HideSolutionNode = FALSE
	EndGlobalSection
	GlobalSection(ExtensibilityGlobals) = postSolution
		SolutionGuid = {84114780-1947-4E37-BA71-F7817E90E8F2}
	EndGlobalSection
EndGlobal
